
Microsoft Visual Studio Solution File, Format Version 12.00
# Visual Studio 2012
Project("{FAE04EC0-301F-11D3-BF4B-00C04F79EFBC}") = "Random", "Random\Random.csproj", "{57526750-F252-4DB2-B4F2-F8C8E05883AD}"
EndProject
Global
	GlobalSection(SolutionConfigurationPlatforms) = preSolution
		Debug|Any CPU = Debug|Any CPU
		Release|Any CPU = Release|Any CPU
	EndGlobalSection
	GlobalSection(ProjectConfigurationPlatforms) = postSolution
		{57526750-F252-4DB2-B4F2-F8C8E05883AD}.Debug|Any CPU.ActiveCfg = Debug|Any CPU
		{57526750-F252-4DB2-B4F2-F8C8E05883AD}.Debug|Any CPU.Build.0 = Debug|Any CPU
		{57526750-F252-4DB2-B4F2-F8C8E05883AD}.Release|Any CPU.ActiveCfg = Release|Any CPU
		{57526750-F252-4DB2-B4F2-F8C8E05883AD}.Release|Any CPU.Build.0 = Release|Any CPU
	EndGlobalSection
	GlobalSection(SolutionProperties) = preSolution
		HideSolutionNode = FALSE
	EndGlobalSection
EndGlobal
